# This file is automatically @generated by Poetry 1.8.3 and should not be changed by hand.

[[package]]
name = "colorama"
version = "0.4.6"
description = "Cross-platform colored terminal text."
optional = false
python-versions = "!=3.0.*,!=3.1.*,!=3.2.*,!=3.3.*,!=3.4.*,!=3.5.*,!=3.6.*,>=2.7"
files = [
    {file = "colorama-0.4.6-py2.py3-none-any.whl", hash = "sha256:4f1d9991f5acc0ca119f9d443620b77f9d6b33703e51011c16baf57afb285fc6"},
    {file = "colorama-0.4.6.tar.gz", hash = "sha256:08695f5cb7ed6e0531a20572697297273c47b8cae5a63ffc6d6ed5c201be6e44"},
]

[[package]]
name = "eventsourcing"
version = "9.2.22"
description = "Event sourcing in Python"
optional = false
python-versions = ">=3.7"
files = [
    {file = "eventsourcing-9.2.22-py3-none-any.whl", hash = "sha256:ca2c697c28a6118254a5a731d29ac9c9b892ed7de0d7920477938fd924c5abe0"},
    {file = "eventsourcing-9.2.22.tar.gz", hash = "sha256:c00329ce80a4964ee9351a81d4ad8792c82dd41f6dcf0bd3e8d9f860e3e0a212"},
]

[package.extras]
crypto = ["pycryptodome (<=3.16.99999)"]
dev = ["Babel (==2.13.0)", "Jinja2 (==3.1.2)", "MarkupSafe (==2.1.3)", "Pygments (==2.16.1)", "Sphinx (==4.2.0)", "alabaster (==0.7.13)", "annotated-types (==0.5.0)", "backports.zoneinfo", "black", "certifi (==2023.7.22)", "charset-normalizer (==3.3.0)", "coverage", "docutils (==0.17.1)", "flake8", "flake8-bugbear", "idna (==3.4)", "imagesize (==1.4.1)", "isort", "mypy", "orjson (==3.9.7)", "packaging (==23.2)", "psycopg2-binary (<=2.9.99999)", "pycryptodome (<=3.16.99999)", "pydantic (==2.4.2)", "pydantic-core (==2.10.1)", "python-coveralls", "requests (==2.31.0)", "snowballstemmer (==2.2.0)", "sphinx-rtd-theme (==1.3.0)", "sphinxcontrib-applehelp (==1.0.2)", "sphinxcontrib-devhelp (==1.0.2)", "sphinxcontrib-htmlhelp (==2.0.0)", "sphinxcontrib-jquery (==4.1)", "sphinxcontrib-qthelp (==1.0.3)", "sphinxcontrib-serializinghtml (==1.1.5)", "urllib3 (==2.0.7)"]
docs = ["Babel (==2.13.0)", "Jinja2 (==3.1.2)", "MarkupSafe (==2.1.3)", "Pygments (==2.16.1)", "Sphinx (==4.2.0)", "alabaster (==0.7.13)", "annotated-types (==0.5.0)", "certifi (==2023.7.22)", "charset-normalizer (==3.3.0)", "docutils (==0.17.1)", "idna (==3.4)", "imagesize (==1.4.1)", "orjson (==3.9.7)", "packaging (==23.2)", "psycopg2-binary (<=2.9.99999)", "pycryptodome (<=3.16.99999)", "pydantic (==2.4.2)", "pydantic-core (==2.10.1)", "requests (==2.31.0)", "snowballstemmer (==2.2.0)", "sphinx-rtd-theme (==1.3.0)", "sphinxcontrib-applehelp (==1.0.2)", "sphinxcontrib-devhelp (==1.0.2)", "sphinxcontrib-htmlhelp (==2.0.0)", "sphinxcontrib-jquery (==4.1)", "sphinxcontrib-qthelp (==1.0.3)", "sphinxcontrib-serializinghtml (==1.1.5)", "urllib3 (==2.0.7)"]
postgres = ["psycopg2 (<=2.9.99999)"]
postgres-dev = ["psycopg2-binary (<=2.9.99999)"]

[[package]]
name = "iniconfig"
version = "2.0.0"
description = "brain-dead simple config-ini parsing"
optional = false
python-versions = ">=3.7"
files = [
    {file = "iniconfig-2.0.0-py3-none-any.whl", hash = "sha256:b6a85871a79d2e3b22d2d1b94ac2824226a63c6b741c88f7ae975f18b6778374"},
    {file = "iniconfig-2.0.0.tar.gz", hash = "sha256:2d91e135bf72d31a410b17c16da610a82cb55f6b0477d1a902134b24a455b8b3"},
]

[[package]]
name = "packaging"
version = "24.1"
description = "Core utilities for Python packages"
optional = false
python-versions = ">=3.8"
files = [
    {file = "packaging-24.1-py3-none-any.whl", hash = "sha256:5b8f2217dbdbd2f7f384c41c628544e6d52f2d0f53c6d0c3ea61aa5d1d7ff124"},
    {file = "packaging-24.1.tar.gz", hash = "sha256:026ed72c8ed3fcce5bf8950572258698927fd1dbda10a5e981cdf0ac37f4f002"},
]

[[package]]
name = "pluggy"
version = "1.5.0"
description = "plugin and hook calling mechanisms for python"
optional = false
python-versions = ">=3.8"
files = [
    {file = "pluggy-1.5.0-py3-none-any.whl", hash = "sha256:44e1ad92c8ca002de6377e165f3e0f1be63266ab4d554740532335b9d75ea669"},
    {file = "pluggy-1.5.0.tar.gz", hash = "sha256:2cffa88e94fdc978c4c574f15f9e59b7f4201d439195c3715ca9e2486f1d0cf1"},
]

[package.extras]
dev = ["pre-commit", "tox"]
testing = ["pytest", "pytest-benchmark"]

[[package]]
name = "pytest"
version = "8.3.1"
description = "pytest: simple powerful testing with Python"
optional = false
python-versions = ">=3.8"
files = [
    {file = "pytest-8.3.1-py3-none-any.whl", hash = "sha256:e9600ccf4f563976e2c99fa02c7624ab938296551f280835ee6516df8bc4ae8c"},
    {file = "pytest-8.3.1.tar.gz", hash = "sha256:7e8e5c5abd6e93cb1cc151f23e57adc31fcf8cfd2a3ff2da63e23f732de35db6"},
]

[package.dependencies]
colorama = {version = "*", markers = "sys_platform == \"win32\""}
iniconfig = "*"
packaging = "*"
pluggy = ">=1.5,<2"

[package.extras]
dev = ["argcomplete", "attrs (>=19.2)", "hypothesis (>=3.56)", "mock", "pygments (>=2.7.2)", "requests", "setuptools", "xmlschema"]

[metadata]
lock-version = "2.0"
python-versions = "^3.12"
content-hash = "bfb5390bc9a90242c2e169dfb68f89edd3526059ed553e57a830835e973a2fd1"
